
Microsoft Visual Studio Solution File, Format Version 12.00
# Visual Studio Version 16
VisualStudioVersion = 16.0.30413.136
MinimumVisualStudioVersion = 10.0.40219.1
Project("{FAE04EC0-301F-11D3-BF4B-00C04F79EFBC}") = "breakout", "breakout\breakout.csproj", "{192E17C9-7840-4A7D-96AC-1FF55C5D491F}"
EndProject
Global
	GlobalSection(SolutionConfigurationPlatforms) = preSolution
		Debug|Any CPU = Debug|Any CPU
		Release|Any CPU = Release|Any CPU
	EndGlobalSection
	GlobalSection(ProjectConfigurationPlatforms) = postSolution
		{192E17C9-7840-4A7D-96AC-1FF55C5D491F}.Debug|Any CPU.ActiveCfg = Debug|Any CPU
		{192E17C9-7840-4A7D-96AC-1FF55C5D491F}.Debug|Any CPU.Build.0 = Debug|Any CPU
		{192E17C9-7840-4A7D-96AC-1FF55C5D491F}.Release|Any CPU.ActiveCfg = Release|Any CPU
		{192E17C9-7840-4A7D-96AC-1FF55C5D491F}.Release|Any CPU.Build.0 = Release|Any CPU
	EndGlobalSection
	GlobalSection(SolutionProperties) = preSolution
		HideSolutionNode = FALSE
	EndGlobalSection
	GlobalSection(ExtensibilityGlobals) = postSolution
		SolutionGuid = {F7F3FE7E-F0EB-4636-A051-D08DAF1EB98B}
	EndGlobalSection
EndGlobal
